// !$*UTF8*$!
{
	archiveVersion = 1;
	classes = {
	};
	objectVersion = 77;
	objects = {

/* Begin PBXBuildFile section */
		9ED1A6A93063A78C00550E91 /* SplitMateApp.swift in Sources */ = {isa = PBXBuildFile; fileRef = 9ED1A6A73063A6F000550E91 /* SplitMateApp.swift */; };
		9ED1A6AA3063A7A400550E91 /* ContentView.swift in Sources */ = {isa = PBXBuildFile; fileRef = 9ED1A6A83063A70800550E91 /* ContentView.swift */; };
		9ED1A6BA3063B65A00550E91 /* SplitMethod.swift in Sources */ = {isa = PBXBuildFile; fileRef = 9ED1A6AE3063B3C200550E91 /* SplitMethod.swift */; };
		9ED1A6BB3063B65F00550E91 /* Expense.swift in Sources */ = {isa = PBXBuildFile; fileRef = 9ED1A6AF3063B3DA00550E91 /* Expense.swift */; };
		9ED1A6BC3063B66400550E91 /* Settlement.swift in Sources */ = {isa = PBXBuildFile; fileRef = 9ED1A6B03063B3EB00550E91 /* Settlement.swift */; };
		9ED1A6BD3063B66900550E91 /* ExpenseGroup.swift in Sources */ = {isa = PBXBuildFile; fileRef = 9ED1A6B13063B40300550E91 /* ExpenseGroup.swift */; };
		9ED1A6BE3063B66E00550E91 /* SettlementEngine.swift in Sources */ = {isa = PBXBuildFile; fileRef = 9ED1A6B23063B42800550E91 /* SettlementEngine.swift */; };
		9ED1A6BF3063B67300550E91 /* PersistenceService.swift in Sources */ = {isa = PBXBuildFile; fileRef = 9ED1A6B33063B43F00550E91 /* PersistenceService.swift */; };
		9ED1A6C03063B67700550E91 /* GroupCard.swift in Sources */ = {isa = PBXBuildFile; fileRef = 9ED1A6B43063B53D00550E91 /* GroupCard.swift */; };
		9ED1A6C13063B67C00550E91 /* AddGroupView.swift in Sources */ = {isa = PBXBuildFile; fileRef = 9ED1A6B53063B55200550E91 /* AddGroupView.swift */; };
		9ED1A6C23063B68100550E91 /* InsightsView.swift in Sources */ = {isa = PBXBuildFile; fileRef = 9ED1A6B63063B56900550E91 /* InsightsView.swift */; };
		9ED1A6C33063B68800550E91 /* GroupDetailView.swift in Sources */ = {isa = PBXBuildFile; fileRef = 9ED1A6B73063B57C00550E91 /* GroupDetailView.swift */; };
		9ED1A6C43063B68C00550E91 /* AddExpenseView.swift in Sources */ = {isa = PBXBuildFile; fileRef = 9ED1A6B83063B5AA00550E91 /* AddExpenseView.swift */; };
		9ED1A6C53063B69100550E91 /* BalancesView.swift in Sources */ = {isa = PBXBuildFile; fileRef = 9ED1A6B93063B5BB00550E91 /* BalancesView.swift */; };
/* End PBXBuildFile section */

/* Begin PBXFileReference section */
		9ED1A69830639EE000550E91 /* SplitMate.app */ = {isa = PBXFileReference; explicitFileType = wrapper.application; includeInIndex = 0; path = SplitMate.app; sourceTree = BUILT_PRODUCTS_DIR; };
		9ED1A6A73063A6F000550E91 /* SplitMateApp.swift */ = {isa = PBXFileReference; lastKnownFileType = sourcecode.swift; path = SplitMateApp.swift; sourceTree = "<group>"; };
		9ED1A6A83063A70800550E91 /* ContentView.swift */ = {isa = PBXFileReference; lastKnownFileType = sourcecode.swift; path = ContentView.swift; sourceTree = "<group>"; };
		9ED1A6AE3063B3C200550E91 /* SplitMethod.swift */ = {isa = PBXFileReference; lastKnownFileType = sourcecode.swift; path = SplitMethod.swift; sourceTree = "<group>"; };
		9ED1A6AF3063B3DA00550E91 /* Expense.swift */ = {isa = PBXFileReference; lastKnownFileType = sourcecode.swift; path = Expense.swift; sourceTree = "<group>"; };
		9ED1A6B03063B3EB00550E91 /* Settlement.swift */ = {isa = PBXFileReference; lastKnownFileType = sourcecode.swift; path = Settlement.swift; sourceTree = "<group>"; };
		9ED1A6B13063B40300550E91 /* ExpenseGroup.swift */ = {isa = PBXFileReference; lastKnownFileType = sourcecode.swift; path = ExpenseGroup.swift; sourceTree = "<group>"; };
		9ED1A6B23063B42800550E91 /* SettlementEngine.swift */ = {isa = PBXFileReference; lastKnownFileType = sourcecode.swift; path = SettlementEngine.swift; sourceTree = "<group>"; };
		9ED1A6B33063B43F00550E91 /* PersistenceService.swift */ = {isa = PBXFileReference; lastKnownFileType = sourcecode.swift; path = PersistenceService.swift; sourceTree = "<group>"; };
		9ED1A6B43063B53D00550E91 /* GroupCard.swift */ = {isa = PBXFileReference; lastKnownFileType = sourcecode.swift; path = GroupCard.swift; sourceTree = "<group>"; };
		9ED1A6B53063B55200550E91 /* AddGroupView.swift */ = {isa = PBXFileReference; lastKnownFileType = sourcecode.swift; path = AddGroupView.swift; sourceTree = "<group>"; };
		9ED1A6B63063B56900550E91 /* InsightsView.swift */ = {isa = PBXFileReference; lastKnownFileType = sourcecode.swift; path = InsightsView.swift; sourceTree = "<group>"; };
		9ED1A6B73063B57C00550E91 /* GroupDetailView.swift */ = {isa = PBXFileReference; lastKnownFileType = sourcecode.swift; path = GroupDetailView.swift; sourceTree = "<group>"; };
		9ED1A6B83063B5AA00550E91 /* AddExpenseView.swift */ = {isa = PBXFileReference; lastKnownFileType = sourcecode.swift; path = AddExpenseView.swift; sourceTree = "<group>"; };
		9ED1A6B93063B5BB00550E91 /* BalancesView.swift */ = {isa = PBXFileReference; lastKnownFileType = sourcecode.swift; path = BalancesView.swift; sourceTree = "<group>"; };
/* End PBXFileReference section */

/* Begin PBXFrameworksBuildPhase section */
		9ED1A69530639EE000550E91 /* Frameworks */ = {
			isa = PBXFrameworksBuildPhase;
			buildActionMask = 2147483647;
			files = (
			);
			runOnlyForDeploymentPostprocessing = 0;
		};
/* End PBXFrameworksBuildPhase section */

/* Begin PBXGroup section */
		9ED1A68F30639EE000550E91 = {
			isa = PBXGroup;
			children = (
				9ED1A6AD3063B38E00550E91 /* Views */,
				9ED1A6AC3063B38000550E91 /* Services */,
				9ED1A6AB3063B37300550E91 /* Models */,
				9ED1A6A83063A70800550E91 /* ContentView.swift */,
				9ED1A6A73063A6F000550E91 /* SplitMateApp.swift */,
				9ED1A69930639EE000550E91 /* Products */,
			);
			sourceTree = "<group>";
		};
		9ED1A69930639EE000550E91 /* Products */ = {
			isa = PBXGroup;
			children = (
				9ED1A69830639EE000550E91 /* SplitMate.app */,
			);
			name = Products;
			sourceTree = "<group>";
		};
		9ED1A6AB3063B37300550E91 /* Models */ = {
			isa = PBXGroup;
			children = (
				9ED1A6B13063B40300550E91 /* ExpenseGroup.swift */,
				9ED1A6B03063B3EB00550E91 /* Settlement.swift */,
				9ED1A6AF3063B3DA00550E91 /* Expense.swift */,
				9ED1A6AE3063B3C200550E91 /* SplitMethod.swift */,
			);
			path = Models;
			sourceTree = "<group>";
		};
		9ED1A6AC3063B38000550E91 /* Services */ = {
			isa = PBXGroup;
			children = (
				9ED1A6B33063B43F00550E91 /* PersistenceService.swift */,
				9ED1A6B23063B42800550E91 /* SettlementEngine.swift */,
			);
			path = Services;
			sourceTree = "<group>";
		};
		9ED1A6AD3063B38E00550E91 /* Views */ = {
			isa = PBXGroup;
			children = (
				9ED1A6B93063B5BB00550E91 /* BalancesView.swift */,
				9ED1A6B83063B5AA00550E91 /* AddExpenseView.swift */,
				9ED1A6B73063B57C00550E91 /* GroupDetailView.swift */,
				9ED1A6B63063B56900550E91 /* InsightsView.swift */,
				9ED1A6B53063B55200550E91 /* AddGroupView.swift */,
				9ED1A6B43063B53D00550E91 /* GroupCard.swift */,
			);
			path = Views;
			sourceTree = "<group>";
		};
/* End PBXGroup section */

/* Begin PBXNativeTarget section */
		9ED1A69730639EE000550E91 /* SplitMate */ = {
			isa = PBXNativeTarget;
			buildConfigurationList = 9ED1A6A330639EE100550E91 /* Build configuration list for PBXNativeTarget "SplitMate" */;
			buildPhases = (
				9ED1A69430639EE000550E91 /* Sources */,
				9ED1A69530639EE000550E91 /* Frameworks */,
				9ED1A69630639EE000550E91 /* Resources */,
			);
			buildRules = (
			);
			dependencies = (
			);
			name = SplitMate;
			packageProductDependencies = (
			);
			productName = SplitMate;
			productReference = 9ED1A69830639EE000550E91 /* SplitMate.app */;
			productType = "com.apple.product-type.application";
		};
/* End PBXNativeTarget section */

/* Begin PBXProject section */
		9ED1A69030639EE000550E91 /* Project object */ = {
			isa = PBXProject;
			attributes = {
				BuildIndependentTargetsInParallel = 1;
				LastSwiftUpdateCheck = 2640;
				LastUpgradeCheck = 2640;
				TargetAttributes = {
					9ED1A69730639EE000550E91 = {
						CreatedOnToolsVersion = 26.4.1;
					};
				};
			};
			buildConfigurationList = 9ED1A69330639EE000550E91 /* Build configuration list for PBXProject "SplitMate" */;
			developmentRegion = en;
			hasScannedForEncodings = 0;
			knownRegions = (
				en,
				Base,
			);
			mainGroup = 9ED1A68F30639EE000550E91;
			minimizedProjectReferenceProxies = 1;
			preferredProjectObjectVersion = 77;
			productRefGroup = 9ED1A69930639EE000550E91 /* Products */;
			projectDirPath = "";
			projectRoot = "";
			targets = (
				9ED1A69730639EE000550E91 /* SplitMate */,
			);
		};
/* End PBXProject section */

/* Begin PBXResourcesBuildPhase section */
		9ED1A69630639EE000550E91 /* Resources */ = {
			isa = PBXResourcesBuildPhase;
			buildActionMask = 2147483647;
			files = (
			);
			runOnlyForDeploymentPostprocessing = 0;
		};
/* End PBXResourcesBuildPhase section */

/* Begin PBXSourcesBuildPhase section */
		9ED1A69430639EE000550E91 /* Sources */ = {
			isa = PBXSourcesBuildPhase;
			buildActionMask = 2147483647;
			files = (
				9ED1A6C43063B68C00550E91 /* AddExpenseView.swift in Sources */,
				9ED1A6C53063B69100550E91 /* BalancesView.swift in Sources */,
				9ED1A6BB3063B65F00550E91 /* Expense.swift in Sources */,
				9ED1A6BF3063B67300550E91 /* PersistenceService.swift in Sources */,
				9ED1A6AA3063A7A400550E91 /* ContentView.swift in Sources */,
				9ED1A6BD3063B66900550E91 /* ExpenseGroup.swift in Sources */,
				9ED1A6C23063B68100550E91 /* InsightsView.swift in Sources */,
				9ED1A6BA3063B65A00550E91 /* SplitMethod.swift in Sources */,
				9ED1A6BE3063B66E00550E91 /* SettlementEngine.swift in Sources */,
				9ED1A6C13063B67C00550E91 /* AddGroupView.swift in Sources */,
				9ED1A6C03063B67700550E91 /* GroupCard.swift in Sources */,
				9ED1A6BC3063B66400550E91 /* Settlement.swift in Sources */,
				9ED1A6A93063A78C00550E91 /* SplitMateApp.swift in Sources */,
				9ED1A6C33063B68800550E91 /* GroupDetailView.swift in Sources */,
			);
			runOnlyForDeploymentPostprocessing = 0;
		};
/* End PBXSourcesBuildPhase section */

/* Begin XCBuildConfiguration section */
		9ED1A6A130639EE100550E91 /* Debug */ = {
			isa = XCBuildConfiguration;
			buildSettings = {
				ALWAYS_SEARCH_USER_PATHS = NO;
				ASSETCATALOG_COMPILER_GENERATE_SWIFT_ASSET_SYMBOL_EXTENSIONS = YES;
				CLANG_ANALYZER_NONNULL = YES;
				CLANG_ANALYZER_NUMBER_OBJECT_CONVERSION = YES_AGGRESSIVE;
				CLANG_CXX_LANGUAGE_STANDARD = "gnu++20";
				CLANG_ENABLE_MODULES = YES;
				CLANG_ENABLE_OBJC_ARC = YES;
				CLANG_ENABLE_OBJC_WEAK = YES;
				CLANG_WARN_BLOCK_CAPTURE_AUTORELEASING = YES;
				CLANG_WARN_BOOL_CONVERSION = YES;
				CLANG_WARN_COMMA = YES;
				CLANG_WARN_CONSTANT_CONVERSION = YES;
				CLANG_WARN_DEPRECATED_OBJC_IMPLEMENTATIONS = YES;
				CLANG_WARN_DIRECT_OBJC_ISA_USAGE = YES_ERROR;
				CLANG_WARN_DOCUMENTATION_COMMENTS = YES;
				CLANG_WARN_EMPTY_BODY = YES;
				CLANG_WARN_ENUM_CONVERSION = YES;
				CLANG_WARN_INFINITE_RECURSION = YES;
				CLANG_WARN_INT_CONVERSION = YES;
				CLANG_WARN_NON_LITERAL_NULL_CONVERSION = YES;
				CLANG_WARN_OBJC_IMPLICIT_RETAIN_SELF = YES;
				CLANG_WARN_OBJC_LITERAL_CONVERSION = YES;
				CLANG_WARN_OBJC_ROOT_CLASS = YES_ERROR;
				CLANG_WARN_QUOTED_INCLUDE_IN_FRAMEWORK_HEADER = YES;
				CLANG_WARN_RANGE_LOOP_ANALYSIS = YES;
				CLANG_WARN_STRICT_PROTOTYPES = YES;
				CLANG_WARN_SUSPICIOUS_MOVE = YES;
				CLANG_WARN_UNGUARDED_AVAILABILITY = YES_AGGRESSIVE;
				CLANG_WARN_UNREACHABLE_CODE = YES;
				CLANG_WARN__DUPLICATE_METHOD_MATCH = YES;
				COPY_PHASE_STRIP = NO;
				DEBUG_INFORMATION_FORMAT = dwarf;
				ENABLE_STRICT_OBJC_MSGSEND = YES;
				ENABLE_TESTABILITY = YES;
				ENABLE_USER_SCRIPT_SANDBOXING = YES;
				GCC_C_LANGUAGE_STANDARD = gnu17;
				GCC_DYNAMIC_NO_PIC = NO;
				GCC_NO_COMMON_BLOCKS = YES;
				GCC_OPTIMIZATION_LEVEL = 0;
				GCC_PREPROCESSOR_DEFINITIONS = (
					"DEBUG=1",
					"$(inherited)",
				);
				GCC_WARN_64_TO_32_BIT_CONVERSION = YES;
				GCC_WARN_ABOUT_RETURN_TYPE = YES_ERROR;
				GCC_WARN_UNDECLARED_SELECTOR = YES;
				GCC_WARN_UNINITIALIZED_AUTOS = YES_AGGRESSIVE;
				GCC_WARN_UNUSED_FUNCTION = YES;
				GCC_WARN_UNUSED_VARIABLE = YES;
				LOCALIZATION_PREFERS_STRING_CATALOGS = YES;
				MTL_ENABLE_DEBUG_INFO = INCLUDE_SOURCE;
				MTL_FAST_MATH = YES;
				ONLY_ACTIVE_ARCH = YES;
				SWIFT_ACTIVE_COMPILATION_CONDITIONS = "DEBUG $(inherited)";
				SWIFT_OPTIMIZATION_LEVEL = "-Onone";
			};
			name = Debug;
		};
		9ED1A6A230639EE100550E91 /* Release */ = {
			isa = XCBuildConfiguration;
			buildSettings = {
				ALWAYS_SEARCH_USER_PATHS = NO;
				ASSETCATALOG_COMPILER_GENERATE_SWIFT_ASSET_SYMBOL_EXTENSIONS = YES;
				CLANG_ANALYZER_NONNULL = YES;
				CLANG_ANALYZER_NUMBER_OBJECT_CONVERSION = YES_AGGRESSIVE;
				CLANG_CXX_LANGUAGE_STANDARD = "gnu++20";
				CLANG_ENABLE_MODULES = YES;
				CLANG_ENABLE_OBJC_ARC = YES;
				CLANG_ENABLE_OBJC_WEAK = YES;
				CLANG_WARN_BLOCK_CAPTURE_AUTORELEASING = YES;
				CLANG_WARN_BOOL_CONVERSION = YES;
				CLANG_WARN_COMMA = YES;
				CLANG_WARN_CONSTANT_CONVERSION = YES;
				CLANG_WARN_DEPRECATED_OBJC_IMPLEMENTATIONS = YES;
				CLANG_WARN_DIRECT_OBJC_ISA_USAGE = YES_ERROR;
				CLANG_WARN_DOCUMENTATION_COMMENTS = YES;
				CLANG_WARN_EMPTY_BODY = YES;
				CLANG_WARN_ENUM_CONVERSION = YES;
				CLANG_WARN_INFINITE_RECURSION = YES;
				CLANG_WARN_INT_CONVERSION = YES;
				CLANG_WARN_NON_LITERAL_NULL_CONVERSION = YES;
				CLANG_WARN_OBJC_IMPLICIT_RETAIN_SELF = YES;
				CLANG_WARN_OBJC_LITERAL_CONVERSION = YES;
				CLANG_WARN_OBJC_ROOT_CLASS = YES_ERROR;
				CLANG_WARN_QUOTED_INCLUDE_IN_FRAMEWORK_HEADER = YES;
				CLANG_WARN_RANGE_LOOP_ANALYSIS = YES;
				CLANG_WARN_STRICT_PROTOTYPES = YES;
				CLANG_WARN_SUSPICIOUS_MOVE = YES;
				CLANG_WARN_UNGUARDED_AVAILABILITY = YES_AGGRESSIVE;
				CLANG_WARN_UNREACHABLE_CODE = YES;
				CLANG_WARN__DUPLICATE_METHOD_MATCH = YES;
				COPY_PHASE_STRIP = NO;
				DEBUG_INFORMATION_FORMAT = "dwarf-with-dsym";
				ENABLE_NS_ASSERTIONS = NO;
				ENABLE_STRICT_OBJC_MSGSEND = YES;
				ENABLE_USER_SCRIPT_SANDBOXING = YES;
				GCC_C_LANGUAGE_STANDARD = gnu17;
				GCC_NO_COMMON_BLOCKS = YES;
				GCC_WARN_64_TO_32_BIT_CONVERSION = YES;
				GCC_WARN_ABOUT_RETURN_TYPE = YES_ERROR;
				GCC_WARN_UNDECLARED_SELECTOR = YES;
				GCC_WARN_UNINITIALIZED_AUTOS = YES_AGGRESSIVE;
				GCC_WARN_UNUSED_FUNCTION = YES;
				GCC_WARN_UNUSED_VARIABLE = YES;
				LOCALIZATION_PREFERS_STRING_CATALOGS = YES;
				MTL_ENABLE_DEBUG_INFO = NO;
				MTL_FAST_MATH = YES;
				SWIFT_COMPILATION_MODE = wholemodule;
			};
			name = Release;
		};
		9ED1A6A430639EE100550E91 /* Debug */ = {
			isa = XCBuildConfiguration;
			buildSettings = {
				ASSETCATALOG_COMPILER_APPICON_NAME = AppIcon;
				ASSETCATALOG_COMPILER_GLOBAL_ACCENT_COLOR_NAME = AccentColor;
				CODE_SIGN_STYLE = Automatic;
				CURRENT_PROJECT_VERSION = 1;
				ENABLE_APP_SANDBOX = YES;
				ENABLE_PREVIEWS = YES;
				ENABLE_USER_SELECTED_FILES = readonly;
				GENERATE_INFOPLIST_FILE = YES;
				"INFOPLIST_KEY_UIApplicationSceneManifest_Generation[sdk=iphoneos*]" = YES;
				"INFOPLIST_KEY_UIApplicationSceneManifest_Generation[sdk=iphonesimulator*]" = YES;
				"INFOPLIST_KEY_UIApplicationSupportsIndirectInputEvents[sdk=iphoneos*]" = YES;
				"INFOPLIST_KEY_UIApplicationSupportsIndirectInputEvents[sdk=iphonesimulator*]" = YES;
				"INFOPLIST_KEY_UILaunchScreen_Generation[sdk=iphoneos*]" = YES;
				"INFOPLIST_KEY_UILaunchScreen_Generation[sdk=iphonesimulator*]" = YES;
				"INFOPLIST_KEY_UIStatusBarStyle[sdk=iphoneos*]" = UIStatusBarStyleDefault;
				"INFOPLIST_KEY_UIStatusBarStyle[sdk=iphonesimulator*]" = UIStatusBarStyleDefault;
				INFOPLIST_KEY_UISupportedInterfaceOrientations_iPad = "UIInterfaceOrientationPortrait UIInterfaceOrientationPortraitUpsideDown UIInterfaceOrientationLandscapeLeft UIInterfaceOrientationLandscapeRight";
				INFOPLIST_KEY_UISupportedInterfaceOrientations_iPhone = "UIInterfaceOrientationPortrait UIInterfaceOrientationLandscapeLeft UIInterfaceOrientationLandscapeRight";
				IPHONEOS_DEPLOYMENT_TARGET = 26.4;
				LD_RUNPATH_SEARCH_PATHS = "@executable_path/Frameworks";
				"LD_RUNPATH_SEARCH_PATHS[sdk=macosx*]" = "@executable_path/../Frameworks";
				MACOSX_DEPLOYMENT_TARGET = 26.4;
				MARKETING_VERSION = 1.0;
				PRODUCT_BUNDLE_IDENTIFIER = com.karankumar.SplitMate;
				PRODUCT_NAME = "$(TARGET_NAME)";
				REGISTER_APP_GROUPS = YES;
				SDKROOT = auto;
				STRING_CATALOG_GENERATE_SYMBOLS = YES;
				SUPPORTED_PLATFORMS = "iphoneos iphonesimulator macosx xros xrsimulator";
				SWIFT_APPROACHABLE_CONCURRENCY = YES;
				SWIFT_DEFAULT_ACTOR_ISOLATION = MainActor;
				SWIFT_EMIT_LOC_STRINGS = YES;
				SWIFT_UPCOMING_FEATURE_MEMBER_IMPORT_VISIBILITY = YES;
				SWIFT_VERSION = 5.0;
				TARGETED_DEVICE_FAMILY = "1,2,7";
				XROS_DEPLOYMENT_TARGET = 26.4;
			};
			name = Debug;
		};
		9ED1A6A530639EE100550E91 /* Release */ = {
			isa = XCBuildConfiguration;
			buildSettings = {
				ASSETCATALOG_COMPILER_APPICON_NAME = AppIcon;
				ASSETCATALOG_COMPILER_GLOBAL_ACCENT_COLOR_NAME = AccentColor;
				CODE_SIGN_STYLE = Automatic;
				CURRENT_PROJECT_VERSION = 1;
				ENABLE_APP_SANDBOX = YES;
				ENABLE_PREVIEWS = YES;
				ENABLE_USER_SELECTED_FILES = readonly;
				GENERATE_INFOPLIST_FILE = YES;
				"INFOPLIST_KEY_UIApplicationSceneManifest_Generation[sdk=iphoneos*]" = YES;
				"INFOPLIST_KEY_UIApplicationSceneManifest_Generation[sdk=iphonesimulator*]" = YES;
				"INFOPLIST_KEY_UIApplicationSupportsIndirectInputEvents[sdk=iphoneos*]" = YES;
				"INFOPLIST_KEY_UIApplicationSupportsIndirectInputEvents[sdk=iphonesimulator*]" = YES;
				"INFOPLIST_KEY_UILaunchScreen_Generation[sdk=iphoneos*]" = YES;
				"INFOPLIST_KEY_UILaunchScreen_Generation[sdk=iphonesimulator*]" = YES;
				"INFOPLIST_KEY_UIStatusBarStyle[sdk=iphoneos*]" = UIStatusBarStyleDefault;
				"INFOPLIST_KEY_UIStatusBarStyle[sdk=iphonesimulator*]" = UIStatusBarStyleDefault;
				INFOPLIST_KEY_UISupportedInterfaceOrientations_iPad = "UIInterfaceOrientationPortrait UIInterfaceOrientationPortraitUpsideDown UIInterfaceOrientationLandscapeLeft UIInterfaceOrientationLandscapeRight";
				INFOPLIST_KEY_UISupportedInterfaceOrientations_iPhone = "UIInterfaceOrientationPortrait UIInterfaceOrientationLandscapeLeft UIInterfaceOrientationLandscapeRight";
				IPHONEOS_DEPLOYMENT_TARGET = 26.4;
				LD_RUNPATH_SEARCH_PATHS = "@executable_path/Frameworks";
				"LD_RUNPATH_SEARCH_PATHS[sdk=macosx*]" = "@executable_path/../Frameworks";
				MACOSX_DEPLOYMENT_TARGET = 26.4;
				MARKETING_VERSION = 1.0;
				PRODUCT_BUNDLE_IDENTIFIER = com.karankumar.SplitMate;
				PRODUCT_NAME = "$(TARGET_NAME)";
				REGISTER_APP_GROUPS = YES;
				SDKROOT = auto;
				STRING_CATALOG_GENERATE_SYMBOLS = YES;
				SUPPORTED_PLATFORMS = "iphoneos iphonesimulator macosx xros xrsimulator";
				SWIFT_APPROACHABLE_CONCURRENCY = YES;
				SWIFT_DEFAULT_ACTOR_ISOLATION = MainActor;
				SWIFT_EMIT_LOC_STRINGS = YES;
				SWIFT_UPCOMING_FEATURE_MEMBER_IMPORT_VISIBILITY = YES;
				SWIFT_VERSION = 5.0;
				TARGETED_DEVICE_FAMILY = "1,2,7";
				XROS_DEPLOYMENT_TARGET = 26.4;
			};
			name = Release;
		};
/* End XCBuildConfiguration section */

/* Begin XCConfigurationList section */
		9ED1A69330639EE000550E91 /* Build configuration list for PBXProject "SplitMate" */ = {
			isa = XCConfigurationList;
			buildConfigurations = (
				9ED1A6A130639EE100550E91 /* Debug */,
				9ED1A6A230639EE100550E91 /* Release */,
			);
			defaultConfigurationIsVisible = 0;
			defaultConfigurationName = Release;
		};
		9ED1A6A330639EE100550E91 /* Build configuration list for PBXNativeTarget "SplitMate" */ = {
			isa = XCConfigurationList;
			buildConfigurations = (
				9ED1A6A430639EE100550E91 /* Debug */,
				9ED1A6A530639EE100550E91 /* Release */,
			);
			defaultConfigurationIsVisible = 0;
			defaultConfigurationName = Release;
		};
/* End XCConfigurationList section */
	};
	rootObject = 9ED1A69030639EE000550E91 /* Project object */;
}
